lockfileVersion: '6.0'

settings:
  autoInstallPeers: true
  excludeLinksFromLockfile: false

dependencies:
  '@blocksuite/blocks':
    specifier: latest
    version: 0.8.0(@blocksuite/block-std@0.8.0)(@blocksuite/lit@0.8.0)(@blocksuite/store@0.8.0)(@toeverything/theme@0.7.16)(nanoid@4.0.2)(yjs@13.6.8)
  '@blocksuite/editor':
    specifier: latest
    version: 0.8.0(@blocksuite/blocks@0.8.0)(@blocksuite/lit@0.8.0)(@blocksuite/store@0.8.0)(@toeverything/theme@0.7.16)
  '@blocksuite/store':
    specifier: latest
    version: 0.8.0(async-call-rpc@6.3.1)(lit@2.8.0)(yjs@13.6.8)
  '@reactuses/core':
    specifier: ^4.0.7
    version: 4.0.7(react@18.2.0)
  '@types/node':
    specifier: 20.6.3
    version: 20.6.3
  '@types/react':
    specifier: 18.2.22
    version: 18.2.22
  '@types/react-dom':
    specifier: 18.2.7
    version: 18.2.7
  next:
    specifier: 13.5.1
    version: 13.5.1(react-dom@18.2.0)(react@18.2.0)
  react:
    specifier: 18.2.0
    version: 18.2.0
  react-dom:
    specifier: 18.2.0
    version: 18.2.0(react@18.2.0)
  typescript:
    specifier: 5.2.2
    version: 5.2.2

packages:

  /@babel/runtime@7.22.15:
    resolution: {integrity: sha512-T0O+aa+4w0u06iNmapipJXMV4HoUir03hpx3/YqXXhu9xim3w+dVphjFWl1OH8NbZHw5Lbm9k45drDkgq2VNNA==}
    engines: {node: '>=6.9.0'}
    dependencies:
      regenerator-runtime: 0.14.0
    dev: false

  /@blocksuite/block-std@0.8.0(@blocksuite/store@0.8.0)(lit@2.8.0):
    resolution: {integrity: sha512-hUO9PTbuZzrauaYOQgHDHkRnoRQ7DcJc7TlWVgKh1H8M6Pmb1iGzQ38tcbt9+hCkRdLQnZWAc4IU4SJpd372Fw==}
    peerDependencies:
      '@blocksuite/store': 0.8.0
    dependencies:
      '@blocksuite/global': 0.8.0(lit@2.8.0)
      '@blocksuite/store': 0.8.0(async-call-rpc@6.3.1)(lit@2.8.0)(yjs@13.6.8)
      w3c-keyname: 2.2.8
    transitivePeerDependencies:
      - lit
    dev: false

  /@blocksuite/blocks@0.8.0(@blocksuite/block-std@0.8.0)(@blocksuite/lit@0.8.0)(@blocksuite/store@0.8.0)(@toeverything/theme@0.7.16)(nanoid@4.0.2)(yjs@13.6.8):
    resolution: {integrity: sha512-bDO9OWYVRBcJYDibq8i7Aqdf1nB98Nu0QduNSZEGOeXw2mRLnFD0mFYQ+PynXtUpByVGdXQBistsEXnNPMpQBA==}
    peerDependencies:
      '@blocksuite/block-std': 0.8.0
      '@blocksuite/lit': 0.8.0
      '@blocksuite/store': 0.8.0
      '@toeverything/theme': ^0.7.13
      yjs: ^13
    dependencies:
      '@blocksuite/block-std': 0.8.0(@blocksuite/store@0.8.0)(lit@2.8.0)
      '@blocksuite/global': 0.8.0(lit@2.8.0)
      '@blocksuite/lit': 0.8.0(@blocksuite/block-std@0.8.0)(@blocksuite/store@0.8.0)(yjs@13.6.8)
      '@blocksuite/phasor': 0.8.0(lit@2.8.0)(nanoid@4.0.2)(yjs@13.6.8)
      '@blocksuite/store': 0.8.0(async-call-rpc@6.3.1)(lit@2.8.0)(yjs@13.6.8)
      '@blocksuite/virgo': 0.8.0(lit@2.8.0)(yjs@13.6.8)
      '@floating-ui/dom': 1.5.3
      '@toeverything/theme': 0.7.16
      '@types/webfontloader': 1.6.35
      buffer: 6.0.3
      date-fns: 2.30.0
      file-type: 16.5.4
      html2canvas: 1.4.1
      jszip: 3.10.1
      lit: 2.8.0
      marked: 4.3.0
      pdf-lib: 1.17.1
      shiki: 0.14.4
      sortablejs: 1.15.0
      turndown: 7.1.2
      webfontloader: 1.6.28
      yjs: 13.6.8
      zod: 3.22.2
    transitivePeerDependencies:
      - nanoid
    dev: false

  /@blocksuite/editor@0.8.0(@blocksuite/blocks@0.8.0)(@blocksuite/lit@0.8.0)(@blocksuite/store@0.8.0)(@toeverything/theme@0.7.16):
    resolution: {integrity: sha512-kNOSgNDeU7uGiBfXQoGobKNhZCmAEuIXsYJTwXwpmOIWlJ+gbM2YkX+4uSEeR14fN5LZTgQGaGy8QEgYYLcwRg==}
    peerDependencies:
      '@blocksuite/blocks': 0.8.0
      '@blocksuite/lit': 0.8.0
      '@blocksuite/store': 0.8.0
      '@toeverything/theme': ^0.7.13
    dependencies:
      '@blocksuite/blocks': 0.8.0(@blocksuite/block-std@0.8.0)(@blocksuite/lit@0.8.0)(@blocksuite/store@0.8.0)(@toeverything/theme@0.7.16)(nanoid@4.0.2)(yjs@13.6.8)
      '@blocksuite/global': 0.8.0(lit@2.8.0)
      '@blocksuite/lit': 0.8.0(@blocksuite/block-std@0.8.0)(@blocksuite/store@0.8.0)(yjs@13.6.8)
      '@blocksuite/store': 0.8.0(async-call-rpc@6.3.1)(lit@2.8.0)(yjs@13.6.8)
      '@toeverything/theme': 0.7.16
      lit: 2.8.0
    dev: false

  /@blocksuite/global@0.8.0(lit@2.8.0):
    resolution: {integrity: sha512-1ZHRtZBeL3+HxHbFL39Np50yq7W+pQiQ/YTlUdBPhOyXo2HkKB0o54h5YO7AsozUUEu3oD2FvcBSAZwL/zeYpw==}
    peerDependencies:
      lit: ^2.7
    peerDependenciesMeta:
      lit:
        optional: true
    dependencies:
      ansi-colors: 4.1.3
      lit: 2.8.0
      zod: 3.22.2
    dev: false

  /@blocksuite/lit@0.8.0(@blocksuite/block-std@0.8.0)(@blocksuite/store@0.8.0)(yjs@13.6.8):
    resolution: {integrity: sha512-SRAyVJwrBXysXh6HKExsBSullEgQVbYj7zPTQCW1c3AQ2yCEWEYrAbQHpgL5mCs9MJA/jDk+nWHNKN2G2qU60w==}
    peerDependencies:
      '@blocksuite/block-std': 0.8.0
      '@blocksuite/store': 0.8.0
    dependencies:
      '@blocksuite/block-std': 0.8.0(@blocksuite/store@0.8.0)(lit@2.8.0)
      '@blocksuite/global': 0.8.0(lit@2.8.0)
      '@blocksuite/store': 0.8.0(async-call-rpc@6.3.1)(lit@2.8.0)(yjs@13.6.8)
      '@blocksuite/virgo': 0.8.0(lit@2.8.0)(yjs@13.6.8)
      lit: 2.8.0
    transitivePeerDependencies:
      - yjs
    dev: false

  /@blocksuite/phasor@0.8.0(lit@2.8.0)(nanoid@4.0.2)(yjs@13.6.8):
    resolution: {integrity: sha512-Xl22b2iWoKOM82+CGI4zFIjyqqWZPK+IQPEYcKh7pzvPEKbL4y6JhSAaFTo5tstZfVEYpq/LPP/99ezQYoGwXA==}
    peerDependencies:
      nanoid: ^4
      yjs: ^13
    dependencies:
      '@blocksuite/global': 0.8.0(lit@2.8.0)
      fractional-indexing: 3.2.0
      nanoid: 4.0.2
      yjs: 13.6.8
    transitivePeerDependencies:
      - lit
    dev: false

  /@blocksuite/store@0.8.0(async-call-rpc@6.3.1)(lit@2.8.0)(yjs@13.6.8):
    resolution: {integrity: sha512-mm/tOT1eKduUo30zt1jHYLkPjgwEQgxunI0eG6/RKfBCAJrUXkhZW7H0aDn49aYlt2zLjdQPV6tt1fGgSKpr/Q==}
    peerDependencies:
      async-call-rpc: ^6
      yjs: ^13
    dependencies:
      '@blocksuite/global': 0.8.0(lit@2.8.0)
      '@blocksuite/virgo': 0.8.0(lit@2.8.0)(yjs@13.6.8)
      '@types/flexsearch': 0.7.4
      async-call-rpc: 6.3.1
      buffer: 6.0.3
      flexsearch: 0.7.21
      idb-keyval: 6.2.1
      ky: 0.33.3
      lib0: 0.2.85
      merge: 2.1.1
      minimatch: 9.0.3
      nanoid: 4.0.2
      y-protocols: 1.0.6(yjs@13.6.8)
      yjs: 13.6.8
      zod: 3.22.2
    transitivePeerDependencies:
      - lit
    dev: false

  /@blocksuite/virgo@0.8.0(lit@2.8.0)(yjs@13.6.8):
    resolution: {integrity: sha512-/17iXgvqAYCiwjJKTQPRMQgsjLSp3AM2O0otx0mexjN4fhgDb0nB2JYhqo6XgUBrZctgPUK7hHBbeWHz2zot+w==}
    peerDependencies:
      lit: ^2.7
      yjs: ^13
    dependencies:
      '@blocksuite/global': 0.8.0(lit@2.8.0)
      lit: 2.8.0
      yjs: 13.6.8
      zod: 3.22.2
    dev: false

  /@floating-ui/core@1.5.0:
    resolution: {integrity: sha512-kK1h4m36DQ0UHGj5Ah4db7R0rHemTqqO0QLvUqi1/mUUp3LuAWbWxdxSIf/XsnH9VS6rRVPLJCncjRzUvyCLXg==}
    dependencies:
      '@floating-ui/utils': 0.1.4
    dev: false

  /@floating-ui/dom@1.5.3:
    resolution: {integrity: sha512-ClAbQnEqJAKCJOEbbLo5IUlZHkNszqhuxS4fHAVxRPXPya6Ysf2G8KypnYcOTpx6I8xcgF9bbHb6g/2KpbV8qA==}
    dependencies:
      '@floating-ui/core': 1.5.0
      '@floating-ui/utils': 0.1.4
    dev: false

  /@floating-ui/utils@0.1.4:
    resolution: {integrity: sha512-qprfWkn82Iw821mcKofJ5Pk9wgioHicxcQMxx+5zt5GSKoqdWvgG5AxVmpmUUjzTLPVSH5auBrhI93Deayn/DA==}
    dev: false

  /@lit-labs/ssr-dom-shim@1.1.1:
    resolution: {integrity: sha512-kXOeFbfCm4fFf2A3WwVEeQj55tMZa8c8/f9AKHMobQMkzNUfUj+antR3fRPaZJawsa1aZiP/Da3ndpZrwEe4rQ==}
    dev: false

  /@lit/reactive-element@1.6.3:
    resolution: {integrity: sha512-QuTgnG52Poic7uM1AN5yJ09QMe0O28e10XzSvWDz02TJiiKee4stsiownEIadWm8nYzyDAyT+gKzUoZmiWQtsQ==}
    dependencies:
      '@lit-labs/ssr-dom-shim': 1.1.1
    dev: false

  /@next/env@13.5.1:
    resolution: {integrity: sha512-CIMWiOTyflFn/GFx33iYXkgLSQsMQZV4jB91qaj/TfxGaGOXxn8C1j72TaUSPIyN7ziS/AYG46kGmnvuk1oOpg==}
    dev: false

  /@next/swc-darwin-arm64@13.5.1:
    resolution: {integrity: sha512-Bcd0VFrLHZnMmJy6LqV1CydZ7lYaBao8YBEdQUVzV8Ypn/l5s//j5ffjfvMzpEQ4mzlAj3fIY+Bmd9NxpWhACw==}
    engines: {node: '>= 10'}
    cpu: [arm64]
    os: [darwin]
    requiresBuild: true
    dev: false
    optional: true

  /@next/swc-darwin-x64@13.5.1:
    resolution: {integrity: sha512-uvTZrZa4D0bdWa1jJ7X1tBGIxzpqSnw/ATxWvoRO9CVBvXSx87JyuISY+BWsfLFF59IRodESdeZwkWM2l6+Kjg==}
    engines: {node: '>= 10'}
    cpu: [x64]
    os: [darwin]
    requiresBuild: true
    dev: false
    optional: true

  /@next/swc-linux-arm64-gnu@13.5.1:
    resolution: {integrity: sha512-/52ThlqdORPQt3+AlMoO+omicdYyUEDeRDGPAj86ULpV4dg+/GCFCKAmFWT0Q4zChFwsAoZUECLcKbRdcc0SNg==}
    engines: {node: '>= 10'}
    cpu: [arm64]
    os: [linux]
    requiresBuild: true
    dev: false
    optional: true

  /@next/swc-linux-arm64-musl@13.5.1:
    resolution: {integrity: sha512-L4qNXSOHeu1hEAeeNsBgIYVnvm0gg9fj2O2Yx/qawgQEGuFBfcKqlmIE/Vp8z6gwlppxz5d7v6pmHs1NB6R37w==}
    engines: {node: '>= 10'}
    cpu: [arm64]
    os: [linux]
    requiresBuild: true
    dev: false
    optional: true

  /@next/swc-linux-x64-gnu@13.5.1:
    resolution: {integrity: sha512-QVvMrlrFFYvLtABk092kcZ5Mzlmsk2+SV3xYuAu8sbTuIoh0U2+HGNhVklmuYCuM3DAAxdiMQTNlRQmNH11udw==}
    engines: {node: '>= 10'}
    cpu: [x64]
    os: [linux]
    requiresBuild: true
    dev: false
    optional: true

  /@next/swc-linux-x64-musl@13.5.1:
    resolution: {integrity: sha512-bBnr+XuWc28r9e8gQ35XBtyi5KLHLhTbEvrSgcWna8atI48sNggjIK8IyiEBO3KIrcUVXYkldAzGXPEYMnKt1g==}
    engines: {node: '>= 10'}
    cpu: [x64]
    os: [linux]
    requiresBuild: true
    dev: false
    optional: true

  /@next/swc-win32-arm64-msvc@13.5.1:
    resolution: {integrity: sha512-EQGeE4S5c9v06jje9gr4UlxqUEA+zrsgPi6kg9VwR+dQHirzbnVJISF69UfKVkmLntknZJJI9XpWPB6q0Z7mTg==}
    engines: {node: '>= 10'}
    cpu: [arm64]
    os: [win32]
    requiresBuild: true
    dev: false
    optional: true

  /@next/swc-win32-ia32-msvc@13.5.1:
    resolution: {integrity: sha512-1y31Q6awzofVjmbTLtRl92OX3s+W0ZfO8AP8fTnITcIo9a6ATDc/eqa08fd6tSpFu6IFpxOBbdevOjwYTGx/AQ==}
    engines: {node: '>= 10'}
    cpu: [ia32]
    os: [win32]
    requiresBuild: true
    dev: false
    optional: true

  /@next/swc-win32-x64-msvc@13.5.1:
    resolution: {integrity: sha512-+9XBQizy7X/GuwNegq+5QkkxAPV7SBsIwapVRQd9WSvvU20YO23B3bZUpevdabi4fsd25y9RJDDncljy/V54ww==}
    engines: {node: '>= 10'}
    cpu: [x64]
    os: [win32]
    requiresBuild: true
    dev: false
    optional: true

  /@pdf-lib/standard-fonts@1.0.0:
    resolution: {integrity: sha512-hU30BK9IUN/su0Mn9VdlVKsWBS6GyhVfqjwl1FjZN4TxP6cCw0jP2w7V3Hf5uX7M0AZJ16vey9yE0ny7Sa59ZA==}
    dependencies:
      pako: 1.0.11
    dev: false

  /@pdf-lib/upng@1.0.1:
    resolution: {integrity: sha512-dQK2FUMQtowVP00mtIksrlZhdFXQZPC+taih1q4CvPZ5vqdxR/LKBaFg0oAfzd1GlHZXXSPdQfzQnt+ViGvEIQ==}
    dependencies:
      pako: 1.0.11
    dev: false

  /@reactuses/core@4.0.7(react@18.2.0):
    resolution: {integrity: sha512-dVdyH66OuDrT6Ytd986eUfSLhaxZ9hKIfpX+oajNu9ZPsvzR7gmWQjTx+yVfzxETYJhgUENQuiUp07xEqANOYg==}
    peerDependencies:
      react: ^16.8.0  || ^17.0.0 || ^18.0.0
    dependencies:
      js-cookie: 3.0.5
      lodash-es: 4.17.21
      react: 18.2.0
      screenfull: 5.2.0
    dev: false

  /@swc/helpers@0.5.2:
    resolution: {integrity: sha512-E4KcWTpoLHqwPHLxidpOqQbcrZVgi0rsmmZXUle1jXmJfuIf/UWpczUJ7MZZ5tlxytgJXyp0w4PGkkeLiuIdZw==}
    dependencies:
      tslib: 2.6.2
    dev: false

  /@toeverything/theme@0.7.16:
    resolution: {integrity: sha512-39eJ4wW7Ht07nmNWEmpGq+zPmCSOE3nAwLOOv36HOSEb9FKFAR1n+1DDQsjVs7zjs+yX3+zU7gCveQV4UD9vBA==}
    dev: false

  /@tokenizer/token@0.3.0:
    resolution: {integrity: sha512-OvjF+z51L3ov0OyAU0duzsYuvO01PH7x4t6DJx+guahgTnBHkhJdG7soQeTSFLWN3efnHyibZ4Z8l2EuWwJN3A==}
    dev: false

  /@types/flexsearch@0.7.4:
    resolution: {integrity: sha512-R5ZZmhxOBquntySny8dWYLDGdPJlX9K6p6vcj1w5NWGQ33X4V8MEtdQXK5KFFR1j6o0RhbPMdLSVg5XULVn3oA==}
    dev: false

  /@types/node@20.6.3:
    resolution: {integrity: sha512-HksnYH4Ljr4VQgEy2lTStbCKv/P590tmPe5HqOnv9Gprffgv5WXAY+Y5Gqniu0GGqeTCUdBnzC3QSrzPkBkAMA==}
    dev: false

  /@types/prop-types@15.7.6:
    resolution: {integrity: sha512-RK/kBbYOQQHLYj9Z95eh7S6t7gq4Ojt/NT8HTk8bWVhA5DaF+5SMnxHKkP4gPNN3wAZkKP+VjAf0ebtYzf+fxg==}
    dev: false

  /@types/react-dom@18.2.7:
    resolution: {integrity: sha512-GRaAEriuT4zp9N4p1i8BDBYmEyfo+xQ3yHjJU4eiK5NDa1RmUZG+unZABUTK4/Ox/M+GaHwb6Ow8rUITrtjszA==}
    dependencies:
      '@types/react': 18.2.22
    dev: false

  /@types/react@18.2.22:
    resolution: {integrity: sha512-60fLTOLqzarLED2O3UQImc/lsNRgG0jE/a1mPW9KjMemY0LMITWEsbS4VvZ4p6rorEHd5YKxxmMKSDK505GHpA==}
    dependencies:
      '@types/prop-types': 15.7.6
      '@types/scheduler': 0.16.3
      csstype: 3.1.2
    dev: false

  /@types/scheduler@0.16.3:
    resolution: {integrity: sha512-5cJ8CB4yAx7BH1oMvdU0Jh9lrEXyPkar6F9G/ERswkCuvP4KQZfZkSjcMbAICCpQTN4OuZn8tz0HiKv9TGZgrQ==}
    dev: false

  /@types/trusted-types@2.0.4:
    resolution: {integrity: sha512-IDaobHimLQhjwsQ/NMwRVfa/yL7L/wriQPMhw1ZJall0KX6E1oxk29XMDeilW5qTIg5aoiqf5Udy8U/51aNoQQ==}
    dev: false

  /@types/webfontloader@1.6.35:
    resolution: {integrity: sha512-IJlrsiDWq6KghQ7tPlL5tcwSUyOxLDceT+AFUY7Ylj0Fcv3/h3QkANqQxZ0B5mEpEKxhTw76vDmvrruSMV9n9Q==}
    dev: false

  /ansi-colors@4.1.3:
    resolution: {integrity: sha512-/6w/C21Pm1A7aZitlI5Ni/2J6FFQN8i1Cvz3kHABAAbw93v/NlvKdVOqz7CCWz/3iv/JplRSEEZ83XION15ovw==}
    engines: {node: '>=6'}
    dev: false

  /ansi-sequence-parser@1.1.1:
    resolution: {integrity: sha512-vJXt3yiaUL4UU546s3rPXlsry/RnM730G1+HkpKE012AN0sx1eOrxSu95oKDIonskeLTijMgqWZ3uDEe3NFvyg==}
    dev: false

  /async-call-rpc@6.3.1:
    resolution: {integrity: sha512-i9R46goYZIi0WPkd5X12O6rOsA1GFUiZ/71GOafdQaZtbytXjQ6VevODXDu5hAI5vn2/BQqbC6NznHV+TAC1QA==}
    dev: false

  /balanced-match@1.0.2:
    resolution: {integrity: sha512-3oSeUO0TMV67hN1AmbXsK4yaqU7tjiHlbxRDZOpH0KW9+CeX4bRAaX0Anxt0tx2MrpRpWwQaPwIlISEJhYU5Pw==}
    dev: false

  /base64-arraybuffer@1.0.2:
    resolution: {integrity: sha512-I3yl4r9QB5ZRY3XuJVEPfc2XhZO6YweFPI+UovAzn+8/hb3oJ6lnysaFcjVpkCPfVWFUDvoZ8kmVDP7WyRtYtQ==}
    engines: {node: '>= 0.6.0'}
    dev: false

  /base64-js@1.5.1:
    resolution: {integrity: sha512-AKpaYlHn8t4SVbOHCy+b5+KKgvR4vrsD8vbvrbiQJps7fKDTkjkDry6ji0rUJjC0kzbNePLwzxq8iypo41qeWA==}
    dev: false

  /brace-expansion@2.0.1:
    resolution: {integrity: sha512-XnAIvQ8eM+kC6aULx6wuQiwVsnzsi9d3WxzV3FpWTGA19F621kwdbsAcFKXgKUHZWsy+mY6iL1sHTxWEFCytDA==}
    dependencies:
      balanced-match: 1.0.2
    dev: false

  /buffer@6.0.3:
    resolution: {integrity: sha512-FTiCpNxtwiZZHEZbcbTIcZjERVICn9yq/pDFkTl95/AxzD1naBctN7YO68riM/gLSDY7sdrMby8hofADYuuqOA==}
    dependencies:
      base64-js: 1.5.1
      ieee754: 1.2.1
    dev: false

  /busboy@1.6.0:
    resolution: {integrity: sha512-8SFQbg/0hQ9xy3UNTB0YEnsNBbWfhf7RtnzpL7TkBiTBRfrQ9Fxcnz7VJsleJpyp6rVLvXiuORqjlHi5q+PYuA==}
    engines: {node: '>=10.16.0'}
    dependencies:
      streamsearch: 1.1.0
    dev: false

  /caniuse-lite@1.0.30001538:
    resolution: {integrity: sha512-HWJnhnID+0YMtGlzcp3T9drmBJUVDchPJ08tpUGFLs9CYlwWPH2uLgpHn8fND5pCgXVtnGS3H4QR9XLMHVNkHw==}
    dev: false

  /client-only@0.0.1:
    resolution: {integrity: sha512-IV3Ou0jSMzZrd3pZ48nLkT9DA7Ag1pnPzaiQhpW7c3RbcqqzvzzVu+L8gfqMp/8IM2MQtSiqaCxrrcfu8I8rMA==}
    dev: false

  /core-util-is@1.0.3:
    resolution: {integrity: sha512-ZQBvi1DcpJ4GDqanjucZ2Hj3wEO5pZDS89BWbkcrvdxksJorwUDDZamX9ldFkp9aw2lmBDLgkObEA4DWNJ9FYQ==}
    dev: false

  /css-line-break@2.1.0:
    resolution: {integrity: sha512-FHcKFCZcAha3LwfVBhCQbW2nCNbkZXn7KVUJcsT5/P8YmfsVja0FMPJr0B903j/E69HUphKiV9iQArX8SDYA4w==}
    dependencies:
      utrie: 1.0.2
    dev: false

  /csstype@3.1.2:
    resolution: {integrity: sha512-I7K1Uu0MBPzaFKg4nI5Q7Vs2t+3gWWW648spaF+Rg7pI9ds18Ugn+lvg4SHczUdKlHI5LWBXyqfS8+DufyBsgQ==}
    dev: false

  /date-fns@2.30.0:
    resolution: {integrity: sha512-fnULvOpxnC5/Vg3NCiWelDsLiUc9bRwAPs/+LfTLNvetFCtCTN+yQz15C/fs4AwX1R9K5GLtLfn8QW+dWisaAw==}
    engines: {node: '>=0.11'}
    dependencies:
      '@babel/runtime': 7.22.15
    dev: false

  /domino@2.1.6:
    resolution: {integrity: sha512-3VdM/SXBZX2omc9JF9nOPCtDaYQ67BGp5CoLpIQlO2KCAPETs8TcDHacF26jXadGbvUteZzRTeos2fhID5+ucQ==}
    dev: false

  /file-type@16.5.4:
    resolution: {integrity: sha512-/yFHK0aGjFEgDJjEKP0pWCplsPFPhwyfwevf/pVxiN0tmE4L9LmwWxWukdJSHdoCli4VgQLehjJtwQBnqmsKcw==}
    engines: {node: '>=10'}
    dependencies:
      readable-web-to-node-stream: 3.0.2
      strtok3: 6.3.0
      token-types: 4.2.1
    dev: false

  /flexsearch@0.7.21:
    resolution: {integrity: sha512-W7cHV7Hrwjid6lWmy0IhsWDFQboWSng25U3VVywpHOTJnnAZNPScog67G+cVpeX9f7yDD21ih0WDrMMT+JoaYg==}
    dev: false

  /fractional-indexing@3.2.0:
    resolution: {integrity: sha512-PcOxmqwYCW7O2ovKRU8OoQQj2yqTfEB/yeTYk4gPid6dN5ODRfU1hXd9tTVZzax/0NkO7AxpHykvZnT1aYp/BQ==}
    engines: {node: ^14.13.1 || >=16.0.0}
    dev: false

  /glob-to-regexp@0.4.1:
    resolution: {integrity: sha512-lkX1HJXwyMcprw/5YUZc2s7DrpAiHB21/V+E1rHUrVNokkvB6bqMzT0VfV6/86ZNabt1k14YOIaT7nDvOX3Iiw==}
    dev: false

  /graceful-fs@4.2.11:
    resolution: {integrity: sha512-RbJ5/jmFcNNCcDV5o9eTnBLJ/HszWV0P73bc+Ff4nS/rJj+YaS6IGyiOL0VoBYX+l1Wrl3k63h/KrH+nhJ0XvQ==}
    dev: false

  /html2canvas@1.4.1:
    resolution: {integrity: sha512-fPU6BHNpsyIhr8yyMpTLLxAbkaK8ArIBcmZIRiBLiDhjeqvXolaEmDGmELFuX9I4xDcaKKcJl+TKZLqruBbmWA==}
    engines: {node: '>=8.0.0'}
    dependencies:
      css-line-break: 2.1.0
      text-segmentation: 1.0.3
    dev: false

  /idb-keyval@6.2.1:
    resolution: {integrity: sha512-8Sb3veuYCyrZL+VBt9LJfZjLUPWVvqn8tG28VqYNFCo43KHcKuq+b4EiXGeuaLAQWL2YmyDgMp2aSpH9JHsEQg==}
    dev: false

  /ieee754@1.2.1:
    resolution: {integrity: sha512-dcyqhDvX1C46lXZcVqCpK+FtMRQVdIMN6/Df5js2zouUsqG7I6sFxitIC+7KYK29KdXOLHdu9zL4sFnoVQnqaA==}
    dev: false

  /immediate@3.0.6:
    resolution: {integrity: sha512-XXOFtyqDjNDAQxVfYxuF7g9Il/IbWmmlQg2MYKOH8ExIT1qg6xc4zyS3HaEEATgs1btfzxq15ciUiY7gjSXRGQ==}
    dev: false

  /inherits@2.0.4:
    resolution: {integrity: sha512-k/vGaX4/Yla3WzyMCvTQOXYeIHvqOKtnqBduzTHpzpQZzAskKMhZ2K+EnBiSM9zGSoIFeMpXKxa4dYeZIQqewQ==}
    dev: false

  /isarray@1.0.0:
    resolution: {integrity: sha512-VLghIWNM6ELQzo7zwmcg0NmTVyWKYjvIeM83yjp0wRDTmUnrM678fQbcKBo6n2CJEF0szoG//ytg+TKla89ALQ==}
    dev: false

  /isomorphic.js@0.2.5:
    resolution: {integrity: sha512-PIeMbHqMt4DnUP3MA/Flc0HElYjMXArsw1qwJZcm9sqR8mq3l8NYizFMty0pWwE/tzIGH3EKK5+jes5mAr85yw==}
    dev: false

  /js-cookie@3.0.5:
    resolution: {integrity: sha512-cEiJEAEoIbWfCZYKWhVwFuvPX1gETRYPw6LlaTKoxD3s2AkXzkCjnp6h0V77ozyqj0jakteJ4YqDJT830+lVGw==}
    engines: {node: '>=14'}
    dev: false

  /js-tokens@4.0.0:
    resolution: {integrity: sha512-RdJUflcE3cUzKiMqQgsCu06FPu9UdIJO0beYbPhHN4k6apgJtifcoCtT9bcxOpYBtpD2kCM6Sbzg4CausW/PKQ==}
    dev: false

  /jsonc-parser@3.2.0:
    resolution: {integrity: sha512-gfFQZrcTc8CnKXp6Y4/CBT3fTc0OVuDofpre4aEeEpSBPV5X5v4+Vmx+8snU7RLPrNHPKSgLxGo9YuQzz20o+w==}
    dev: false

  /jszip@3.10.1:
    resolution: {integrity: sha512-xXDvecyTpGLrqFrvkrUSoxxfJI5AH7U8zxxtVclpsUtMCq4JQ290LY8AW5c7Ggnr/Y/oK+bQMbqK2qmtk3pN4g==}
    dependencies:
      lie: 3.3.0
      pako: 1.0.11
      readable-stream: 2.3.8
      setimmediate: 1.0.5
    dev: false

  /ky@0.33.3:
    resolution: {integrity: sha512-CasD9OCEQSFIam2U8efFK81Yeg8vNMTBUqtMOHlrcWQHqUX3HeCl9Dr31u4toV7emlH8Mymk5+9p0lL6mKb/Xw==}
    engines: {node: '>=14.16'}
    dev: false

  /lib0@0.2.85:
    resolution: {integrity: sha512-vtAhVttLXCu3ps2OIsTz8CdKYKdcMo7ds1MNBIcSXz6vrY8sxASqpTi4vmsAIn7xjWvyT7haKcWW6woP6jebjQ==}
    engines: {node: '>=16'}
    hasBin: true
    dependencies:
      isomorphic.js: 0.2.5
    dev: false

  /lie@3.3.0:
    resolution: {integrity: sha512-UaiMJzeWRlEujzAuw5LokY1L5ecNQYZKfmyZ9L7wDHb/p5etKaxXhohBcrw0EYby+G/NA52vRSN4N39dxHAIwQ==}
    dependencies:
      immediate: 3.0.6
    dev: false

  /lit-element@3.3.3:
    resolution: {integrity: sha512-XbeRxmTHubXENkV4h8RIPyr8lXc+Ff28rkcQzw3G6up2xg5E8Zu1IgOWIwBLEQsu3cOVFqdYwiVi0hv0SlpqUA==}
    dependencies:
      '@lit-labs/ssr-dom-shim': 1.1.1
      '@lit/reactive-element': 1.6.3
      lit-html: 2.8.0
    dev: false

  /lit-html@2.8.0:
    resolution: {integrity: sha512-o9t+MQM3P4y7M7yNzqAyjp7z+mQGa4NS4CxiyLqFPyFWyc4O+nodLrkrxSaCTrla6M5YOLaT3RpbbqjszB5g3Q==}
    dependencies:
      '@types/trusted-types': 2.0.4
    dev: false

  /lit@2.8.0:
    resolution: {integrity: sha512-4Sc3OFX9QHOJaHbmTMk28SYgVxLN3ePDjg7hofEft2zWlehFL3LiAuapWc4U/kYwMYJSh2hTCPZ6/LIC7ii0MA==}
    dependencies:
      '@lit/reactive-element': 1.6.3
      lit-element: 3.3.3
      lit-html: 2.8.0
    dev: false

  /lodash-es@4.17.21:
    resolution: {integrity: sha512-mKnC+QJ9pWVzv+C4/U3rRsHapFfHvQFoFB92e52xeyGMcX6/OlIl78je1u8vePzYZSkkogMPJ2yjxxsb89cxyw==}
    dev: false

  /loose-envify@1.4.0:
    resolution: {integrity: sha512-lyuxPGr/Wfhrlem2CL/UcnUc1zcqKAImBDzukY7Y5F/yQiNdko6+fRLevlw1HgMySw7f611UIY408EtxRSoK3Q==}
    hasBin: true
    dependencies:
      js-tokens: 4.0.0
    dev: false

  /marked@4.3.0:
    resolution: {integrity: sha512-PRsaiG84bK+AMvxziE/lCFss8juXjNaWzVbN5tXAm4XjeaS9NAHhop+PjQxz2A9h8Q4M/xGmzP8vqNwy6JeK0A==}
    engines: {node: '>= 12'}
    hasBin: true
    dev: false

  /merge@2.1.1:
    resolution: {integrity: sha512-jz+Cfrg9GWOZbQAnDQ4hlVnQky+341Yk5ru8bZSe6sIDTCIg8n9i/u7hSQGSVOF3C7lH6mGtqjkiT9G4wFLL0w==}
    dev: false

  /minimatch@9.0.3:
    resolution: {integrity: sha512-RHiac9mvaRw0x3AYRgDC1CxAP7HTcNrrECeA8YYJeWnpo+2Q5CegtZjaotWTWxDG3UeGA1coE05iH1mPjT/2mg==}
    engines: {node: '>=16 || 14 >=14.17'}
    dependencies:
      brace-expansion: 2.0.1
    dev: false

  /nanoid@3.3.6:
    resolution: {integrity: sha512-BGcqMMJuToF7i1rt+2PWSNVnWIkGCU78jBG3RxO/bZlnZPK2Cmi2QaffxGO/2RvWi9sL+FAiRiXMgsyxQ1DIDA==}
    engines: {node: ^10 || ^12 || ^13.7 || ^14 || >=15.0.1}
    hasBin: true
    dev: false

  /nanoid@4.0.2:
    resolution: {integrity: sha512-7ZtY5KTCNheRGfEFxnedV5zFiORN1+Y1N6zvPTnHQd8ENUvfaDBeuJDZb2bN/oXwXxu3qkTXDzy57W5vAmDTBw==}
    engines: {node: ^14 || ^16 || >=18}
    hasBin: true
    dev: false

  /next@13.5.1(react-dom@18.2.0)(react@18.2.0):
    resolution: {integrity: sha512-GIudNR7ggGUZoIL79mSZcxbXK9f5pwAIPZxEM8+j2yLqv5RODg4TkmUlaKSYVqE1bPQueamXSqdC3j7axiTSEg==}
    engines: {node: '>=16.14.0'}
    hasBin: true
    peerDependencies:
      '@opentelemetry/api': ^1.1.0
      react: ^18.2.0
      react-dom: ^18.2.0
      sass: ^1.3.0
    peerDependenciesMeta:
      '@opentelemetry/api':
        optional: true
      sass:
        optional: true
    dependencies:
      '@next/env': 13.5.1
      '@swc/helpers': 0.5.2
      busboy: 1.6.0
      caniuse-lite: 1.0.30001538
      postcss: 8.4.14
      react: 18.2.0
      react-dom: 18.2.0(react@18.2.0)
      styled-jsx: 5.1.1(react@18.2.0)
      watchpack: 2.4.0
      zod: 3.21.4
    optionalDependencies:
      '@next/swc-darwin-arm64': 13.5.1
      '@next/swc-darwin-x64': 13.5.1
      '@next/swc-linux-arm64-gnu': 13.5.1
      '@next/swc-linux-arm64-musl': 13.5.1
      '@next/swc-linux-x64-gnu': 13.5.1
      '@next/swc-linux-x64-musl': 13.5.1
      '@next/swc-win32-arm64-msvc': 13.5.1
      '@next/swc-win32-ia32-msvc': 13.5.1
      '@next/swc-win32-x64-msvc': 13.5.1
    transitivePeerDependencies:
      - '@babel/core'
      - babel-plugin-macros
    dev: false

  /pako@1.0.11:
    resolution: {integrity: sha512-4hLB8Py4zZce5s4yd9XzopqwVv/yGNhV1Bl8NTmCq1763HeK2+EwVTv+leGeL13Dnh2wfbqowVPXCIO0z4taYw==}
    dev: false

  /pdf-lib@1.17.1:
    resolution: {integrity: sha512-V/mpyJAoTsN4cnP31vc0wfNA1+p20evqqnap0KLoRUN0Yk/p3wN52DOEsL4oBFcLdb76hlpKPtzJIgo67j/XLw==}
    dependencies:
      '@pdf-lib/standard-fonts': 1.0.0
      '@pdf-lib/upng': 1.0.1
      pako: 1.0.11
      tslib: 1.14.1
    dev: false

  /peek-readable@4.1.0:
    resolution: {integrity: sha512-ZI3LnwUv5nOGbQzD9c2iDG6toheuXSZP5esSHBjopsXH4dg19soufvpUGA3uohi5anFtGb2lhAVdHzH6R/Evvg==}
    engines: {node: '>=8'}
    dev: false

  /picocolors@1.0.0:
    resolution: {integrity: sha512-1fygroTLlHu66zi26VoTDv8yRgm0Fccecssto+MhsZ0D/DGW2sm8E8AjW7NU5VVTRt5GxbeZ5qBuJr+HyLYkjQ==}
    dev: false

  /postcss@8.4.14:
    resolution: {integrity: sha512-E398TUmfAYFPBSdzgeieK2Y1+1cpdxJx8yXbK/m57nRhKSmk1GB2tO4lbLBtlkfPQTDKfe4Xqv1ASWPpayPEig==}
    engines: {node: ^10 || ^12 || >=14}
    dependencies:
      nanoid: 3.3.6
      picocolors: 1.0.0
      source-map-js: 1.0.2
    dev: false

  /process-nextick-args@2.0.1:
    resolution: {integrity: sha512-3ouUOpQhtgrbOa17J7+uxOTpITYWaGP7/AhoR3+A+/1e9skrzelGi/dXzEYyvbxubEF6Wn2ypscTKiKJFFn1ag==}
    dev: false

  /react-dom@18.2.0(react@18.2.0):
    resolution: {integrity: sha512-6IMTriUmvsjHUjNtEDudZfuDQUoWXVxKHhlEGSk81n4YFS+r/Kl99wXiwlVXtPBtJenozv2P+hxDsw9eA7Xo6g==}
    peerDependencies:
      react: ^18.2.0
    dependencies:
      loose-envify: 1.4.0
      react: 18.2.0
      scheduler: 0.23.0
    dev: false

  /react@18.2.0:
    resolution: {integrity: sha512-/3IjMdb2L9QbBdWiW5e3P2/npwMBaU9mHCSCUzNln0ZCYbcfTsGbTJrU/kGemdH2IWmB2ioZ+zkxtmq6g09fGQ==}
    engines: {node: '>=0.10.0'}
    dependencies:
      loose-envify: 1.4.0
    dev: false

  /readable-stream@2.3.8:
    resolution: {integrity: sha512-8p0AUk4XODgIewSi0l8Epjs+EVnWiK7NoDIEGU0HhE7+ZyY8D1IMY7odu5lRrFXGg71L15KG8QrPmum45RTtdA==}
    dependencies:
      core-util-is: 1.0.3
      inherits: 2.0.4
      isarray: 1.0.0
      process-nextick-args: 2.0.1
      safe-buffer: 5.1.2
      string_decoder: 1.1.1
      util-deprecate: 1.0.2
    dev: false

  /readable-stream@3.6.2:
    resolution: {integrity: sha512-9u/sniCrY3D5WdsERHzHE4G2YCXqoG5FTHUiCC4SIbr6XcLZBY05ya9EKjYek9O5xOAwjGq+1JdGBAS7Q9ScoA==}
    engines: {node: '>= 6'}
    dependencies:
      inherits: 2.0.4
      string_decoder: 1.3.0
      util-deprecate: 1.0.2
    dev: false

  /readable-web-to-node-stream@3.0.2:
    resolution: {integrity: sha512-ePeK6cc1EcKLEhJFt/AebMCLL+GgSKhuygrZ/GLaKZYEecIgIECf4UaUuaByiGtzckwR4ain9VzUh95T1exYGw==}
    engines: {node: '>=8'}
    dependencies:
      readable-stream: 3.6.2
    dev: false

  /regenerator-runtime@0.14.0:
    resolution: {integrity: sha512-srw17NI0TUWHuGa5CFGGmhfNIeja30WMBfbslPNhf6JrqQlLN5gcrvig1oqPxiVaXb0oW0XRKtH6Nngs5lKCIA==}
    dev: false

  /safe-buffer@5.1.2:
    resolution: {integrity: sha512-Gd2UZBJDkXlY7GbJxfsE8/nvKkUEU1G38c1siN6QP6a9PT9MmHB8GnpscSmMJSoF8LOIrt8ud/wPtojys4G6+g==}
    dev: false

  /safe-buffer@5.2.1:
    resolution: {integrity: sha512-rp3So07KcdmmKbGvgaNxQSJr7bGVSVk5S9Eq1F+ppbRo70+YeaDxkw5Dd8NPN+GD6bjnYm2VuPuCXmpuYvmCXQ==}
    dev: false

  /scheduler@0.23.0:
    resolution: {integrity: sha512-CtuThmgHNg7zIZWAXi3AsyIzA3n4xx7aNyjwC2VJldO2LMVDhFK+63xGqq6CsJH4rTAt6/M+N4GhZiDYPx9eUw==}
    dependencies:
      loose-envify: 1.4.0
    dev: false

  /screenfull@5.2.0:
    resolution: {integrity: sha512-9BakfsO2aUQN2K9Fdbj87RJIEZ82Q9IGim7FqM5OsebfoFC6ZHXgDq/KvniuLTPdeM8wY2o6Dj3WQ7KeQCj3cA==}
    engines: {node: '>=0.10.0'}
    dev: false

  /setimmediate@1.0.5:
    resolution: {integrity: sha512-MATJdZp8sLqDl/68LfQmbP8zKPLQNV6BIZoIgrscFDQ+RsvK/BxeDQOgyxKKoh0y/8h3BqVFnCqQ/gd+reiIXA==}
    dev: false

  /shiki@0.14.4:
    resolution: {integrity: sha512-IXCRip2IQzKwxArNNq1S+On4KPML3Yyn8Zzs/xRgcgOWIr8ntIK3IKzjFPfjy/7kt9ZMjc+FItfqHRBg8b6tNQ==}
    dependencies:
      ansi-sequence-parser: 1.1.1
      jsonc-parser: 3.2.0
      vscode-oniguruma: 1.7.0
      vscode-textmate: 8.0.0
    dev: false

  /sortablejs@1.15.0:
    resolution: {integrity: sha512-bv9qgVMjUMf89wAvM6AxVvS/4MX3sPeN0+agqShejLU5z5GX4C75ow1O2e5k4L6XItUyAK3gH6AxSbXrOM5e8w==}
    dev: false

  /source-map-js@1.0.2:
    resolution: {integrity: sha512-R0XvVJ9WusLiqTCEiGCmICCMplcCkIwwR11mOSD9CR5u+IXYdiseeEuXCVAjS54zqwkLcPNnmU4OeJ6tUrWhDw==}
    engines: {node: '>=0.10.0'}
    dev: false

  /streamsearch@1.1.0:
    resolution: {integrity: sha512-Mcc5wHehp9aXz1ax6bZUyY5afg9u2rv5cqQI3mRrYkGC8rW2hM02jWuwjtL++LS5qinSyhj2QfLyNsuc+VsExg==}
    engines: {node: '>=10.0.0'}
    dev: false

  /string_decoder@1.1.1:
    resolution: {integrity: sha512-n/ShnvDi6FHbbVfviro+WojiFzv+s8MPMHBczVePfUpDJLwoLT0ht1l4YwBCbi8pJAveEEdnkHyPyTP/mzRfwg==}
    dependencies:
      safe-buffer: 5.1.2
    dev: false

  /string_decoder@1.3.0:
    resolution: {integrity: sha512-hkRX8U1WjJFd8LsDJ2yQ/wWWxaopEsABU1XfkM8A+j0+85JAGppt16cr1Whg6KIbb4okU6Mql6BOj+uup/wKeA==}
    dependencies:
      safe-buffer: 5.2.1
    dev: false

  /strtok3@6.3.0:
    resolution: {integrity: sha512-fZtbhtvI9I48xDSywd/somNqgUHl2L2cstmXCCif0itOf96jeW18MBSyrLuNicYQVkvpOxkZtkzujiTJ9LW5Jw==}
    engines: {node: '>=10'}
    dependencies:
      '@tokenizer/token': 0.3.0
      peek-readable: 4.1.0
    dev: false

  /styled-jsx@5.1.1(react@18.2.0):
    resolution: {integrity: sha512-pW7uC1l4mBZ8ugbiZrcIsiIvVx1UmTfw7UkC3Um2tmfUq9Bhk8IiyEIPl6F8agHgjzku6j0xQEZbfA5uSgSaCw==}
    engines: {node: '>= 12.0.0'}
    peerDependencies:
      '@babel/core': '*'
      babel-plugin-macros: '*'
      react: '>= 16.8.0 || 17.x.x || ^18.0.0-0'
    peerDependenciesMeta:
      '@babel/core':
        optional: true
      babel-plugin-macros:
        optional: true
    dependencies:
      client-only: 0.0.1
      react: 18.2.0
    dev: false

  /text-segmentation@1.0.3:
    resolution: {integrity: sha512-iOiPUo/BGnZ6+54OsWxZidGCsdU8YbE4PSpdPinp7DeMtUJNJBoJ/ouUSTJjHkh1KntHaltHl/gDs2FC4i5+Nw==}
    dependencies:
      utrie: 1.0.2
    dev: false

  /token-types@4.2.1:
    resolution: {integrity: sha512-6udB24Q737UD/SDsKAHI9FCRP7Bqc9D/MQUV02ORQg5iskjtLJlZJNdN4kKtcdtwCeWIwIHDGaUsTsCCAa8sFQ==}
    engines: {node: '>=10'}
    dependencies:
      '@tokenizer/token': 0.3.0
      ieee754: 1.2.1
    dev: false

  /tslib@1.14.1:
    resolution: {integrity: sha512-Xni35NKzjgMrwevysHTCArtLDpPvye8zV/0E4EyYn43P7/7qvQwPh9BGkHewbMulVntbigmcT7rdX3BNo9wRJg==}
    dev: false

  /tslib@2.6.2:
    resolution: {integrity: sha512-AEYxH93jGFPn/a2iVAwW87VuUIkR1FVUKB77NwMF7nBTDkDrrT/Hpt/IrCJ0QXhW27jTBDcf5ZY7w6RiqTMw2Q==}
    dev: false

  /turndown@7.1.2:
    resolution: {integrity: sha512-ntI9R7fcUKjqBP6QU8rBK2Ehyt8LAzt3UBT9JR9tgo6GtuKvyUzpayWmeMKJw1DPdXzktvtIT8m2mVXz+bL/Qg==}
    dependencies:
      domino: 2.1.6
    dev: false

  /typescript@5.2.2:
    resolution: {integrity: sha512-mI4WrpHsbCIcwT9cF4FZvr80QUeKvsUsUvKDoR+X/7XHQH98xYD8YHZg7ANtz2GtZt/CBq2QJ0thkGJMHfqc1w==}
    engines: {node: '>=14.17'}
    hasBin: true
    dev: false

  /util-deprecate@1.0.2:
    resolution: {integrity: sha512-EPD5q1uXyFxJpCrLnCc1nHnq3gOa6DZBocAIiI2TaSCA7VCJ1UJDMagCzIkXNsUYfD1daK//LTEQ8xiIbrHtcw==}
    dev: false

  /utrie@1.0.2:
    resolution: {integrity: sha512-1MLa5ouZiOmQzUbjbu9VmjLzn1QLXBhwpUa7kdLUQK+KQ5KA9I1vk5U4YHe/X2Ch7PYnJfWuWT+VbuxbGwljhw==}
    dependencies:
      base64-arraybuffer: 1.0.2
    dev: false

  /vscode-oniguruma@1.7.0:
    resolution: {integrity: sha512-L9WMGRfrjOhgHSdOYgCt/yRMsXzLDJSL7BPrOZt73gU0iWO4mpqzqQzOz5srxqTvMBaR0XZTSrVWo4j55Rc6cA==}
    dev: false

  /vscode-textmate@8.0.0:
    resolution: {integrity: sha512-AFbieoL7a5LMqcnOF04ji+rpXadgOXnZsxQr//r83kLPr7biP7am3g9zbaZIaBGwBRWeSvoMD4mgPdX3e4NWBg==}
    dev: false

  /w3c-keyname@2.2.8:
    resolution: {integrity: sha512-dpojBhNsCNN7T82Tm7k26A6G9ML3NkhDsnw9n/eoxSRlVBB4CEtIQ/KTCLI2Fwf3ataSXRhYFkQi3SlnFwPvPQ==}
    dev: false

  /watchpack@2.4.0:
    resolution: {integrity: sha512-Lcvm7MGST/4fup+ifyKi2hjyIAwcdI4HRgtvTpIUxBRhB+RFtUh8XtDOxUfctVCnhVi+QQj49i91OyvzkJl6cg==}
    engines: {node: '>=10.13.0'}
    dependencies:
      glob-to-regexp: 0.4.1
      graceful-fs: 4.2.11
    dev: false

  /webfontloader@1.6.28:
    resolution: {integrity: sha512-Egb0oFEga6f+nSgasH3E0M405Pzn6y3/9tOVanv/DLfa1YBIgcv90L18YyWnvXkRbIM17v5Kv6IT2N6g1x5tvQ==}
    dev: false

  /y-protocols@1.0.6(yjs@13.6.8):
    resolution: {integrity: sha512-vHRF2L6iT3rwj1jub/K5tYcTT/mEYDUppgNPXwp8fmLpui9f7Yeq3OEtTLVF012j39QnV+KEQpNqoN7CWU7Y9Q==}
    engines: {node: '>=16.0.0', npm: '>=8.0.0'}
    peerDependencies:
      yjs: ^13.0.0
    dependencies:
      lib0: 0.2.85
      yjs: 13.6.8
    dev: false

  /yjs@13.6.8:
    resolution: {integrity: sha512-ZPq0hpJQb6f59B++Ngg4cKexDJTvfOgeiv0sBc4sUm8CaBWH7OQC4kcCgrqbjJ/B2+6vO49exvTmYfdlPtcjbg==}
    engines: {node: '>=16.0.0', npm: '>=8.0.0'}
    dependencies:
      lib0: 0.2.85
    dev: false

  /zod@3.21.4:
    resolution: {integrity: sha512-m46AKbrzKVzOzs/DZgVnG5H55N1sv1M8qZU3A8RIKbs3mrACDNeIOeilDymVb2HdmP8uwshOCF4uJ8uM9rCqJw==}
    dev: false

  /zod@3.22.2:
    resolution: {integrity: sha512-wvWkphh5WQsJbVk1tbx1l1Ly4yg+XecD+Mq280uBGt9wa5BKSWf4Mhp6GmrkPixhMxmabYY7RbzlwVP32pbGCg==}
    dev: false
